
Microsoft Visual Studio Solution File, Format Version 12.00
# Visual Studio Version 17
VisualStudioVersion = 17.5.33502.453
MinimumVisualStudioVersion = 10.0.40219.1
Project("{FAE04EC0-301F-11D3-BF4B-00C04F79EFBC}") = "XMLDiffChecker", "XMLDiffChecker\XMLDiffChecker.csproj", "{3BEEFA20-8362-4C31-9321-1FB103379A14}"
EndProject
Global
	GlobalSection(SolutionConfigurationPlatforms) = preSolution
		Debug|Any CPU = Debug|Any CPU
		Release|Any CPU = Release|Any CPU
	EndGlobalSection
	GlobalSection(ProjectConfigurationPlatforms) = postSolution
		{3BEEFA20-8362-4C31-9321-1FB103379A14}.Debug|Any CPU.ActiveCfg = Debug|Any CPU
		{3BEEFA20-8362-4C31-9321-1FB103379A14}.Debug|Any CPU.Build.0 = Debug|Any CPU
		{3BEEFA20-8362-4C31-9321-1FB103379A14}.Release|Any CPU.ActiveCfg = Release|Any CPU
		{3BEEFA20-8362-4C31-9321-1FB103379A14}.Release|Any CPU.Build.0 = Release|Any CPU
	EndGlobalSection
	GlobalSection(SolutionProperties) = preSolution
		HideSolutionNode = FALSE
	EndGlobalSection
	GlobalSection(ExtensibilityGlobals) = postSolution
		SolutionGuid = {F7731501-89B4-439C-BE20-3E12CFF3ADEB}
	EndGlobalSection
EndGlobal
